
Microsoft Visual Studio Solution File, Format Version 12.00
# Visual Studio Version 16
VisualStudioVersion = 16.0.30204.135
MinimumVisualStudioVersion = 10.0.40219.1
Project("{FAE04EC0-301F-11D3-BF4B-00C04F79EFBC}") = "EShop-TEDU", "EShop-TEDU\EShop-TEDU.csproj", "{56ECAD68-199C-44E4-85B4-5C0099AD1C38}"
EndProject
Global
	GlobalSection(SolutionConfigurationPlatforms) = preSolution
		Debug|Any CPU = Debug|Any CPU
		Release|Any CPU = Release|Any CPU
	EndGlobalSection
	GlobalSection(ProjectConfigurationPlatforms) = postSolution
		{56ECAD68-199C-44E4-85B4-5C0099AD1C38}.Debug|Any CPU.ActiveCfg = Debug|Any CPU
		{56ECAD68-199C-44E4-85B4-5C0099AD1C38}.Debug|Any CPU.Build.0 = Debug|Any CPU
		{56ECAD68-199C-44E4-85B4-5C0099AD1C38}.Release|Any CPU.ActiveCfg = Release|Any CPU
		{56ECAD68-199C-44E4-85B4-5C0099AD1C38}.Release|Any CPU.Build.0 = Release|Any CPU
	EndGlobalSection
	GlobalSection(SolutionProperties) = preSolution
		HideSolutionNode = FALSE
	EndGlobalSection
	GlobalSection(ExtensibilityGlobals) = postSolution
		SolutionGuid = {68DF7E84-808A-413C-8C32-06DE294BC4BE}
	EndGlobalSection
EndGlobal
